
Microsoft Visual Studio Solution File, Format Version 12.00
# Visual Studio Version 16
VisualStudioVersion = 16.0.30611.23
MinimumVisualStudioVersion = 10.0.40219.1
Project("{9A19103F-16F7-4668-BE54-9A1E7A4F7556}") = "Fract", "Fract\Fract.csproj", "{95EBD77A-3F44-4CF1-B9BF-85202D94A806}"
EndProject
Global
	GlobalSection(SolutionConfigurationPlatforms) = preSolution
		Debug|Any CPU = Debug|Any CPU
		Release|Any CPU = Release|Any CPU
	EndGlobalSection
	GlobalSection(ProjectConfigurationPlatforms) = postSolution
		{95EBD77A-3F44-4CF1-B9BF-85202D94A806}.Debug|Any CPU.ActiveCfg = Debug|Any CPU
		{95EBD77A-3F44-4CF1-B9BF-85202D94A806}.Debug|Any CPU.Build.0 = Debug|Any CPU
		{95EBD77A-3F44-4CF1-B9BF-85202D94A806}.Release|Any CPU.ActiveCfg = Release|Any CPU
		{95EBD77A-3F44-4CF1-B9BF-85202D94A806}.Release|Any CPU.Build.0 = Release|Any CPU
	EndGlobalSection
	GlobalSection(SolutionProperties) = preSolution
		HideSolutionNode = FALSE
	EndGlobalSection
	GlobalSection(ExtensibilityGlobals) = postSolution
		SolutionGuid = {291FA577-18C0-4A37-9D3E-8F1CA427FF8B}
	EndGlobalSection
EndGlobal
